
Microsoft Visual Studio Solution File, Format Version 12.00
# Visual Studio Version 16
VisualStudioVersion = 16.0.34729.46
MinimumVisualStudioVersion = 10.0.40219.1
Project("{FAE04EC0-301F-11D3-BF4B-00C04F79EFBC}") = "Doga_override", "Doga_override\Doga_override.csproj", "{510E0C8E-54FC-4194-9426-7CEB9DB53D78}"
EndProject
Global
	GlobalSection(SolutionConfigurationPlatforms) = preSolution
		Debug|Any CPU = Debug|Any CPU
		Release|Any CPU = Release|Any CPU
	EndGlobalSection
	GlobalSection(ProjectConfigurationPlatforms) = postSolution
		{510E0C8E-54FC-4194-9426-7CEB9DB53D78}.Debug|Any CPU.ActiveCfg = Debug|Any CPU
		{510E0C8E-54FC-4194-9426-7CEB9DB53D78}.Debug|Any CPU.Build.0 = Debug|Any CPU
		{510E0C8E-54FC-4194-9426-7CEB9DB53D78}.Release|Any CPU.ActiveCfg = Release|Any CPU
		{510E0C8E-54FC-4194-9426-7CEB9DB53D78}.Release|Any CPU.Build.0 = Release|Any CPU
	EndGlobalSection
	GlobalSection(SolutionProperties) = preSolution
		HideSolutionNode = FALSE
	EndGlobalSection
	GlobalSection(ExtensibilityGlobals) = postSolution
		SolutionGuid = {01CB428D-3AC7-4B2B-BEB9-8BB661E4926D}
	EndGlobalSection
EndGlobal
